
Microsoft Visual Studio Solution File, Format Version 12.00
# Visual Studio 15
VisualStudioVersion = 15.0.28307.1321
MinimumVisualStudioVersion = 10.0.40219.1
Project("{FAE04EC0-301F-11D3-BF4B-00C04F79EFBC}") = "SigmaAPI", "APISigmaSystek\SigmaAPI.csproj", "{3060855E-BC6A-4B95-B75E-BA736C5CAE44}"
EndProject
Project("{FAE04EC0-301F-11D3-BF4B-00C04F79EFBC}") = "SigmaAPI.Tests", "APISigmaSystek.Tests\SigmaAPI.Tests.csproj", "{05F07EFB-1B0D-4C00-A90D-27F8198A5422}"
EndProject
Global
	GlobalSection(SubversionScc) = preSolution
		Svn-Managed = True
		Manager = AnkhSVN - Subversion Support for Visual Studio
	EndGlobalSection
	GlobalSection(SolutionConfigurationPlatforms) = preSolution
		Debug|Any CPU = Debug|Any CPU
		Release|Any CPU = Release|Any CPU
	EndGlobalSection
	GlobalSection(ProjectConfigurationPlatforms) = postSolution
		{3060855E-BC6A-4B95-B75E-BA736C5CAE44}.Debug|Any CPU.ActiveCfg = Debug|Any CPU
		{3060855E-BC6A-4B95-B75E-BA736C5CAE44}.Debug|Any CPU.Build.0 = Debug|Any CPU
		{3060855E-BC6A-4B95-B75E-BA736C5CAE44}.Release|Any CPU.ActiveCfg = Release|Any CPU
		{3060855E-BC6A-4B95-B75E-BA736C5CAE44}.Release|Any CPU.Build.0 = Release|Any CPU
		{05F07EFB-1B0D-4C00-A90D-27F8198A5422}.Debug|Any CPU.ActiveCfg = Debug|Any CPU
		{05F07EFB-1B0D-4C00-A90D-27F8198A5422}.Debug|Any CPU.Build.0 = Debug|Any CPU
		{05F07EFB-1B0D-4C00-A90D-27F8198A5422}.Release|Any CPU.ActiveCfg = Release|Any CPU
		{05F07EFB-1B0D-4C00-A90D-27F8198A5422}.Release|Any CPU.Build.0 = Release|Any CPU
	EndGlobalSection
	GlobalSection(SolutionProperties) = preSolution
		HideSolutionNode = FALSE
	EndGlobalSection
	GlobalSection(ExtensibilityGlobals) = postSolution
		SolutionGuid = {6EFAA97D-FFD8-4DBA-81D7-4D4CCBF8E496}
	EndGlobalSection
EndGlobal
